{
  "name": "HoneyEnergy.github.io",
  "lockfileVersion": 2,
  "requires": true,
  "packages": {
    "": {
      "dependencies": {
        "type.js": "^0.0.1"
      }
    },
    "node_modules/type.js": {
      "version": "0.0.1",
      "resolved": "https://registry.npmjs.org/type.js/-/type.js-0.0.1.tgz",
      "integrity": "sha512-0h595G4radjv0becIPEBYgHJTZbbsG0zT6NlU26MzU1LWGZ+f6gJLkfLhBBpynT48+92SC+R7KIla9wnVZ0PLA=="
    }
  },
  "dependencies": {
    "type.js": {
      "version": "0.0.1",
      "resolved": "https://registry.npmjs.org/type.js/-/type.js-0.0.1.tgz",
      "integrity": "sha512-0h595G4radjv0becIPEBYgHJTZbbsG0zT6NlU26MzU1LWGZ+f6gJLkfLhBBpynT48+92SC+R7KIla9wnVZ0PLA=="
    }
  }
}
